// !$*UTF8*$!
{
	archiveVersion = 1;
	classes = {
	};
	objectVersion = 55;
	objects = {

/* Begin PBXBuildFile section */
		0219A88F27759CDE0046F58C /* Message.swift in Sources */ = {isa = PBXBuildFile; fileRef = 0219A88E27759CDE0046F58C /* Message.swift */; };
		0219A8932775A60B0046F58C /* MessageCell.swift in Sources */ = {isa = PBXBuildFile; fileRef = 0219A8912775A60B0046F58C /* MessageCell.swift */; };
		0219A8942775A60B0046F58C /* MessageCell.xib in Resources */ = {isa = PBXBuildFile; fileRef = 0219A8922775A60B0046F58C /* MessageCell.xib */; };
		021E8EC72774945C00E3C699 /* GoogleService-Info.plist in Resources */ = {isa = PBXBuildFile; fileRef = 021E8EC62774945C00E3C699 /* GoogleService-Info.plist */; };
		021E8EC92774A51A00E3C699 /* constant.swift in Sources */ = {isa = PBXBuildFile; fileRef = 021E8EC82774A51A00E3C699 /* constant.swift */; };
		0238B2BF27745C14006BF19A /* AppDelegate.swift in Sources */ = {isa = PBXBuildFile; fileRef = 0238B2BE27745C14006BF19A /* AppDelegate.swift */; };
		0238B2C127745C14006BF19A /* SceneDelegate.swift in Sources */ = {isa = PBXBuildFile; fileRef = 0238B2C027745C14006BF19A /* SceneDelegate.swift */; };
		0238B2C327745C14006BF19A /* WelcomeViewController.swift in Sources */ = {isa = PBXBuildFile; fileRef = 0238B2C227745C14006BF19A /* WelcomeViewController.swift */; };
		0238B2C627745C14006BF19A /* Main.storyboard in Resources */ = {isa = PBXBuildFile; fileRef = 0238B2C427745C14006BF19A /* Main.storyboard */; };
		0238B2C827745C15006BF19A /* Assets.xcassets in Resources */ = {isa = PBXBuildFile; fileRef = 0238B2C727745C15006BF19A /* Assets.xcassets */; };
		0238B2CB27745C15006BF19A /* LaunchScreen.storyboard in Resources */ = {isa = PBXBuildFile; fileRef = 0238B2C927745C15006BF19A /* LaunchScreen.storyboard */; };
		0238B2D527745E10006BF19A /* RegisterViewController.swift in Sources */ = {isa = PBXBuildFile; fileRef = 0238B2D427745E10006BF19A /* RegisterViewController.swift */; };
		0238B2D727745E25006BF19A /* LoginViewController.swift in Sources */ = {isa = PBXBuildFile; fileRef = 0238B2D627745E25006BF19A /* LoginViewController.swift */; };
		0238B2D927745E31006BF19A /* ChatViewController.swift in Sources */ = {isa = PBXBuildFile; fileRef = 0238B2D827745E31006BF19A /* ChatViewController.swift */; };
		80BFB5922A8B9C62D8000E41 /* Pods_Flash_Chat.framework in Frameworks */ = {isa = PBXBuildFile; fileRef = E94F1F88AF1EC852C8386377 /* Pods_Flash_Chat.framework */; };
/* End PBXBuildFile section */

/* Begin PBXFileReference section */
		0219A88E27759CDE0046F58C /* Message.swift */ = {isa = PBXFileReference; lastKnownFileType = sourcecode.swift; path = Message.swift; sourceTree = "<group>"; };
		0219A8912775A60B0046F58C /* MessageCell.swift */ = {isa = PBXFileReference; lastKnownFileType = sourcecode.swift; path = MessageCell.swift; sourceTree = "<group>"; };
		0219A8922775A60B0046F58C /* MessageCell.xib */ = {isa = PBXFileReference; lastKnownFileType = file.xib; path = MessageCell.xib; sourceTree = "<group>"; };
		021E8EC62774945C00E3C699 /* GoogleService-Info.plist */ = {isa = PBXFileReference; fileEncoding = 4; lastKnownFileType = text.plist.xml; path = "GoogleService-Info.plist"; sourceTree = "<group>"; };
		021E8EC82774A51A00E3C699 /* constant.swift */ = {isa = PBXFileReference; lastKnownFileType = sourcecode.swift; path = constant.swift; sourceTree = "<group>"; };
		0238B2BB27745C14006BF19A /* Flash Chat.app */ = {isa = PBXFileReference; explicitFileType = wrapper.application; includeInIndex = 0; path = "Flash Chat.app"; sourceTree = BUILT_PRODUCTS_DIR; };
		0238B2BE27745C14006BF19A /* AppDelegate.swift */ = {isa = PBXFileReference; lastKnownFileType = sourcecode.swift; path = AppDelegate.swift; sourceTree = "<group>"; };
		0238B2C027745C14006BF19A /* SceneDelegate.swift */ = {isa = PBXFileReference; lastKnownFileType = sourcecode.swift; path = SceneDelegate.swift; sourceTree = "<group>"; };
		0238B2C227745C14006BF19A /* WelcomeViewController.swift */ = {isa = PBXFileReference; lastKnownFileType = sourcecode.swift; path = WelcomeViewController.swift; sourceTree = "<group>"; };
		0238B2C527745C14006BF19A /* Base */ = {isa = PBXFileReference; lastKnownFileType = file.storyboard; name = Base; path = Base.lproj/Main.storyboard; sourceTree = "<group>"; };
		0238B2C727745C15006BF19A /* Assets.xcassets */ = {isa = PBXFileReference; lastKnownFileType = folder.assetcatalog; path = Assets.xcassets; sourceTree = "<group>"; };
		0238B2CA27745C15006BF19A /* Base */ = {isa = PBXFileReference; lastKnownFileType = file.storyboard; name = Base; path = Base.lproj/LaunchScreen.storyboard; sourceTree = "<group>"; };
		0238B2CC27745C15006BF19A /* Info.plist */ = {isa = PBXFileReference; lastKnownFileType = text.plist.xml; path = Info.plist; sourceTree = "<group>"; };
		0238B2D427745E10006BF19A /* RegisterViewController.swift */ = {isa = PBXFileReference; lastKnownFileType = sourcecode.swift; path = RegisterViewController.swift; sourceTree = "<group>"; };
		0238B2D627745E25006BF19A /* LoginViewController.swift */ = {isa = PBXFileReference; lastKnownFileType = sourcecode.swift; path = LoginViewController.swift; sourceTree = "<group>"; };
		0238B2D827745E31006BF19A /* ChatViewController.swift */ = {isa = PBXFileReference; lastKnownFileType = sourcecode.swift; path = ChatViewController.swift; sourceTree = "<group>"; };
		1A37D4FDF907553A3A204091 /* Pods-Flash Chat.debug.xcconfig */ = {isa = PBXFileReference; includeInIndex = 1; lastKnownFileType = text.xcconfig; name = "Pods-Flash Chat.debug.xcconfig"; path = "Target Support Files/Pods-Flash Chat/Pods-Flash Chat.debug.xcconfig"; sourceTree = "<group>"; };
		854F78AF59F5EDAE2018B97E /* Pods-Flash Chat.release.xcconfig */ = {isa = PBXFileReference; includeInIndex = 1; lastKnownFileType = text.xcconfig; name = "Pods-Flash Chat.release.xcconfig"; path = "Target Support Files/Pods-Flash Chat/Pods-Flash Chat.release.xcconfig"; sourceTree = "<group>"; };
		E94F1F88AF1EC852C8386377 /* Pods_Flash_Chat.framework */ = {isa = PBXFileReference; explicitFileType = wrapper.framework; includeInIndex = 0; path = Pods_Flash_Chat.framework; sourceTree = BUILT_PRODUCTS_DIR; };
/* End PBXFileReference section */

/* Begin PBXFrameworksBuildPhase section */
		0238B2B827745C14006BF19A /* Frameworks */ = {
			isa = PBXFrameworksBuildPhase;
			buildActionMask = 2147483647;
			files = (
				80BFB5922A8B9C62D8000E41 /* Pods_Flash_Chat.framework in Frameworks */,
			);
			runOnlyForDeploymentPostprocessing = 0;
		};
/* End PBXFrameworksBuildPhase section */

/* Begin PBXGroup section */
		0219A89027759CE20046F58C /* Model */ = {
			isa = PBXGroup;
			children = (
				0219A88E27759CDE0046F58C /* Message.swift */,
			);
			path = Model;
			sourceTree = "<group>";
		};
		0238B2B227745C14006BF19A = {
			isa = PBXGroup;
			children = (
				0238B2BD27745C14006BF19A /* Flash Chat */,
				0238B2BC27745C14006BF19A /* Products */,
				71E3C394F8439390FD105EB0 /* Pods */,
				B25C642635029D7800934FC9 /* Frameworks */,
			);
			sourceTree = "<group>";
		};
		0238B2BC27745C14006BF19A /* Products */ = {
			isa = PBXGroup;
			children = (
				0238B2BB27745C14006BF19A /* Flash Chat.app */,
			);
			name = Products;
			sourceTree = "<group>";
		};
		0238B2BD27745C14006BF19A /* Flash Chat */ = {
			isa = PBXGroup;
			children = (
				0238B2BE27745C14006BF19A /* AppDelegate.swift */,
				0238B2C027745C14006BF19A /* SceneDelegate.swift */,
				0219A89027759CE20046F58C /* Model */,
				0238B2D327745D19006BF19A /* View */,
				0238B2D227745D06006BF19A /* Controller */,
				0238B2C727745C15006BF19A /* Assets.xcassets */,
				0238B2C927745C15006BF19A /* LaunchScreen.storyboard */,
				0238B2CC27745C15006BF19A /* Info.plist */,
				021E8EC62774945C00E3C699 /* GoogleService-Info.plist */,
				021E8EC82774A51A00E3C699 /* constant.swift */,
			);
			path = "Flash Chat";
			sourceTree = "<group>";
		};
		0238B2D227745D06006BF19A /* Controller */ = {
			isa = PBXGroup;
			children = (
				0238B2C227745C14006BF19A /* WelcomeViewController.swift */,
				0238B2D427745E10006BF19A /* RegisterViewController.swift */,
				0238B2D627745E25006BF19A /* LoginViewController.swift */,
				0238B2D827745E31006BF19A /* ChatViewController.swift */,
			);
			path = Controller;
			sourceTree = "<group>";
		};
		0238B2D327745D19006BF19A /* View */ = {
			isa = PBXGroup;
			children = (
				0238B2C427745C14006BF19A /* Main.storyboard */,
				0219A8912775A60B0046F58C /* MessageCell.swift */,
				0219A8922775A60B0046F58C /* MessageCell.xib */,
			);
			path = View;
			sourceTree = "<group>";
		};
		71E3C394F8439390FD105EB0 /* Pods */ = {
			isa = PBXGroup;
			children = (
				1A37D4FDF907553A3A204091 /* Pods-Flash Chat.debug.xcconfig */,
				854F78AF59F5EDAE2018B97E /* Pods-Flash Chat.release.xcconfig */,
			);
			path = Pods;
			sourceTree = "<group>";
		};
		B25C642635029D7800934FC9 /* Frameworks */ = {
			isa = PBXGroup;
			children = (
				E94F1F88AF1EC852C8386377 /* Pods_Flash_Chat.framework */,
			);
			name = Frameworks;
			sourceTree = "<group>";
		};
/* End PBXGroup section */

/* Begin PBXNativeTarget section */
		0238B2BA27745C14006BF19A /* Flash Chat */ = {
			isa = PBXNativeTarget;
			buildConfigurationList = 0238B2CF27745C15006BF19A /* Build configuration list for PBXNativeTarget "Flash Chat" */;
			buildPhases = (
				B70139AA4F0A374ED01ACB0E /* [CP] Check Pods Manifest.lock */,
				0238B2B727745C14006BF19A /* Sources */,
				0238B2B827745C14006BF19A /* Frameworks */,
				0238B2B927745C14006BF19A /* Resources */,
				50AC0348D7E7A4B80BA162F5 /* [CP] Embed Pods Frameworks */,
			);
			buildRules = (
			);
			dependencies = (
			);
			name = "Flash Chat";
			productName = "Flash Chat";
			productReference = 0238B2BB27745C14006BF19A /* Flash Chat.app */;
			productType = "com.apple.product-type.application";
		};
/* End PBXNativeTarget section */

/* Begin PBXProject section */
		0238B2B327745C14006BF19A /* Project object */ = {
			isa = PBXProject;
			attributes = {
				BuildIndependentTargetsInParallel = 1;
				LastSwiftUpdateCheck = 1320;
				LastUpgradeCheck = 1320;
				TargetAttributes = {
					0238B2BA27745C14006BF19A = {
						CreatedOnToolsVersion = 13.2;
					};
				};
			};
			buildConfigurationList = 0238B2B627745C14006BF19A /* Build configuration list for PBXProject "Flash Chat" */;
			compatibilityVersion = "Xcode 13.0";
			developmentRegion = en;
			hasScannedForEncodings = 0;
			knownRegions = (
				en,
				Base,
			);
			mainGroup = 0238B2B227745C14006BF19A;
			productRefGroup = 0238B2BC27745C14006BF19A /* Products */;
			projectDirPath = "";
			projectRoot = "";
			targets = (
				0238B2BA27745C14006BF19A /* Flash Chat */,
			);
		};
/* End PBXProject section */

/* Begin PBXResourcesBuildPhase section */
		0238B2B927745C14006BF19A /* Resources */ = {
			isa = PBXResourcesBuildPhase;
			buildActionMask = 2147483647;
			files = (
				0219A8942775A60B0046F58C /* MessageCell.xib in Resources */,
				0238B2CB27745C15006BF19A /* LaunchScreen.storyboard in Resources */,
				021E8EC72774945C00E3C699 /* GoogleService-Info.plist in Resources */,
				0238B2C827745C15006BF19A /* Assets.xcassets in Resources */,
				0238B2C627745C14006BF19A /* Main.storyboard in Resources */,
			);
			runOnlyForDeploymentPostprocessing = 0;
		};
/* End PBXResourcesBuildPhase section */

/* Begin PBXShellScriptBuildPhase section */
		50AC0348D7E7A4B80BA162F5 /* [CP] Embed Pods Frameworks */ = {
			isa = PBXShellScriptBuildPhase;
			buildActionMask = 2147483647;
			files = (
			);
			inputFileListPaths = (
				"${PODS_ROOT}/Target Support Files/Pods-Flash Chat/Pods-Flash Chat-frameworks-${CONFIGURATION}-input-files.xcfilelist",
			);
			name = "[CP] Embed Pods Frameworks";
			outputFileListPaths = (
				"${PODS_ROOT}/Target Support Files/Pods-Flash Chat/Pods-Flash Chat-frameworks-${CONFIGURATION}-output-files.xcfilelist",
			);
			runOnlyForDeploymentPostprocessing = 0;
			shellPath = /bin/sh;
			shellScript = "\"${PODS_ROOT}/Target Support Files/Pods-Flash Chat/Pods-Flash Chat-frameworks.sh\"\n";
			showEnvVarsInLog = 0;
		};
		B70139AA4F0A374ED01ACB0E /* [CP] Check Pods Manifest.lock */ = {
			isa = PBXShellScriptBuildPhase;
			buildActionMask = 2147483647;
			files = (
			);
			inputFileListPaths = (
			);
			inputPaths = (
				"${PODS_PODFILE_DIR_PATH}/Podfile.lock",
				"${PODS_ROOT}/Manifest.lock",
			);
			name = "[CP] Check Pods Manifest.lock";
			outputFileListPaths = (
			);
			outputPaths = (
				"$(DERIVED_FILE_DIR)/Pods-Flash Chat-checkManifestLockResult.txt",
			);
			runOnlyForDeploymentPostprocessing = 0;
			shellPath = /bin/sh;
			shellScript = "diff \"${PODS_PODFILE_DIR_PATH}/Podfile.lock\" \"${PODS_ROOT}/Manifest.lock\" > /dev/null\nif [ $? != 0 ] ; then\n    # print error to STDERR\n    echo \"error: The sandbox is not in sync with the Podfile.lock. Run 'pod install' or update your CocoaPods installation.\" >&2\n    exit 1\nfi\n# This output is used by Xcode 'outputs' to avoid re-running this script phase.\necho \"SUCCESS\" > \"${SCRIPT_OUTPUT_FILE_0}\"\n";
			showEnvVarsInLog = 0;
		};
/* End PBXShellScriptBuildPhase section */

/* Begin PBXSourcesBuildPhase section */
		0238B2B727745C14006BF19A /* Sources */ = {
			isa = PBXSourcesBuildPhase;
			buildActionMask = 2147483647;
			files = (
				0238B2C327745C14006BF19A /* WelcomeViewController.swift in Sources */,
				021E8EC92774A51A00E3C699 /* constant.swift in Sources */,
				0238B2BF27745C14006BF19A /* AppDelegate.swift in Sources */,
				0238B2C127745C14006BF19A /* SceneDelegate.swift in Sources */,
				0238B2D727745E25006BF19A /* LoginViewController.swift in Sources */,
				0219A88F27759CDE0046F58C /* Message.swift in Sources */,
				0238B2D927745E31006BF19A /* ChatViewController.swift in Sources */,
				0238B2D527745E10006BF19A /* RegisterViewController.swift in Sources */,
				0219A8932775A60B0046F58C /* MessageCell.swift in Sources */,
			);
			runOnlyForDeploymentPostprocessing = 0;
		};
/* End PBXSourcesBuildPhase section */

/* Begin PBXVariantGroup section */
		0238B2C427745C14006BF19A /* Main.storyboard */ = {
			isa = PBXVariantGroup;
			children = (
				0238B2C527745C14006BF19A /* Base */,
			);
			name = Main.storyboard;
			sourceTree = "<group>";
		};
		0238B2C927745C15006BF19A /* LaunchScreen.storyboard */ = {
			isa = PBXVariantGroup;
			children = (
				0238B2CA27745C15006BF19A /* Base */,
			);
			name = LaunchScreen.storyboard;
			sourceTree = "<group>";
		};
/* End PBXVariantGroup section */

/* Begin XCBuildConfiguration section */
		0238B2CD27745C15006BF19A /* Debug */ = {
			isa = XCBuildConfiguration;
			buildSettings = {
				ALWAYS_SEARCH_USER_PATHS = NO;
				CLANG_ANALYZER_NONNULL = YES;
				CLANG_ANALYZER_NUMBER_OBJECT_CONVERSION = YES_AGGRESSIVE;
				CLANG_CXX_LANGUAGE_STANDARD = "gnu++17";
				CLANG_CXX_LIBRARY = "libc++";
				CLANG_ENABLE_MODULES = YES;
				CLANG_ENABLE_OBJC_ARC = YES;
				CLANG_ENABLE_OBJC_WEAK = YES;
				CLANG_WARN_BLOCK_CAPTURE_AUTORELEASING = YES;
				CLANG_WARN_BOOL_CONVERSION = YES;
				CLANG_WARN_COMMA = YES;
				CLANG_WARN_CONSTANT_CONVERSION = YES;
				CLANG_WARN_DEPRECATED_OBJC_IMPLEMENTATIONS = YES;
				CLANG_WARN_DIRECT_OBJC_ISA_USAGE = YES_ERROR;
				CLANG_WARN_DOCUMENTATION_COMMENTS = YES;
				CLANG_WARN_EMPTY_BODY = YES;
				CLANG_WARN_ENUM_CONVERSION = YES;
				CLANG_WARN_INFINITE_RECURSION = YES;
				CLANG_WARN_INT_CONVERSION = YES;
				CLANG_WARN_NON_LITERAL_NULL_CONVERSION = YES;
				CLANG_WARN_OBJC_IMPLICIT_RETAIN_SELF = YES;
				CLANG_WARN_OBJC_LITERAL_CONVERSION = YES;
				CLANG_WARN_OBJC_ROOT_CLASS = YES_ERROR;
				CLANG_WARN_QUOTED_INCLUDE_IN_FRAMEWORK_HEADER = YES;
				CLANG_WARN_RANGE_LOOP_ANALYSIS = YES;
				CLANG_WARN_STRICT_PROTOTYPES = YES;
				CLANG_WARN_SUSPICIOUS_MOVE = YES;
				CLANG_WARN_UNGUARDED_AVAILABILITY = YES_AGGRESSIVE;
				CLANG_WARN_UNREACHABLE_CODE = YES;
				CLANG_WARN__DUPLICATE_METHOD_MATCH = YES;
				COPY_PHASE_STRIP = NO;
				DEBUG_INFORMATION_FORMAT = dwarf;
				ENABLE_STRICT_OBJC_MSGSEND = YES;
				ENABLE_TESTABILITY = YES;
				GCC_C_LANGUAGE_STANDARD = gnu11;
				GCC_DYNAMIC_NO_PIC = NO;
				GCC_NO_COMMON_BLOCKS = YES;
				GCC_OPTIMIZATION_LEVEL = 0;
				GCC_PREPROCESSOR_DEFINITIONS = (
					"DEBUG=1",
					"$(inherited)",
				);
				GCC_WARN_64_TO_32_BIT_CONVERSION = YES;
				GCC_WARN_ABOUT_RETURN_TYPE = YES_ERROR;
				GCC_WARN_UNDECLARED_SELECTOR = YES;
				GCC_WARN_UNINITIALIZED_AUTOS = YES_AGGRESSIVE;
				GCC_WARN_UNUSED_FUNCTION = YES;
				GCC_WARN_UNUSED_VARIABLE = YES;
				IPHONEOS_DEPLOYMENT_TARGET = 15.2;
				MTL_ENABLE_DEBUG_INFO = INCLUDE_SOURCE;
				MTL_FAST_MATH = YES;
				ONLY_ACTIVE_ARCH = YES;
				SDKROOT = iphoneos;
				SWIFT_ACTIVE_COMPILATION_CONDITIONS = DEBUG;
				SWIFT_OPTIMIZATION_LEVEL = "-Onone";
			};
			name = Debug;
		};
		0238B2CE27745C15006BF19A /* Release */ = {
			isa = XCBuildConfiguration;
			buildSettings = {
				ALWAYS_SEARCH_USER_PATHS = NO;
				CLANG_ANALYZER_NONNULL = YES;
				CLANG_ANALYZER_NUMBER_OBJECT_CONVERSION = YES_AGGRESSIVE;
				CLANG_CXX_LANGUAGE_STANDARD = "gnu++17";
				CLANG_CXX_LIBRARY = "libc++";
				CLANG_ENABLE_MODULES = YES;
				CLANG_ENABLE_OBJC_ARC = YES;
				CLANG_ENABLE_OBJC_WEAK = YES;
				CLANG_WARN_BLOCK_CAPTURE_AUTORELEASING = YES;
				CLANG_WARN_BOOL_CONVERSION = YES;
				CLANG_WARN_COMMA = YES;
				CLANG_WARN_CONSTANT_CONVERSION = YES;
				CLANG_WARN_DEPRECATED_OBJC_IMPLEMENTATIONS = YES;
				CLANG_WARN_DIRECT_OBJC_ISA_USAGE = YES_ERROR;
				CLANG_WARN_DOCUMENTATION_COMMENTS = YES;
				CLANG_WARN_EMPTY_BODY = YES;
				CLANG_WARN_ENUM_CONVERSION = YES;
				CLANG_WARN_INFINITE_RECURSION = YES;
				CLANG_WARN_INT_CONVERSION = YES;
				CLANG_WARN_NON_LITERAL_NULL_CONVERSION = YES;
				CLANG_WARN_OBJC_IMPLICIT_RETAIN_SELF = YES;
				CLANG_WARN_OBJC_LITERAL_CONVERSION = YES;
				CLANG_WARN_OBJC_ROOT_CLASS = YES_ERROR;
				CLANG_WARN_QUOTED_INCLUDE_IN_FRAMEWORK_HEADER = YES;
				CLANG_WARN_RANGE_LOOP_ANALYSIS = YES;
				CLANG_WARN_STRICT_PROTOTYPES = YES;
				CLANG_WARN_SUSPICIOUS_MOVE = YES;
				CLANG_WARN_UNGUARDED_AVAILABILITY = YES_AGGRESSIVE;
				CLANG_WARN_UNREACHABLE_CODE = YES;
				CLANG_WARN__DUPLICATE_METHOD_MATCH = YES;
				COPY_PHASE_STRIP = NO;
				DEBUG_INFORMATION_FORMAT = "dwarf-with-dsym";
				ENABLE_NS_ASSERTIONS = NO;
				ENABLE_STRICT_OBJC_MSGSEND = YES;
				GCC_C_LANGUAGE_STANDARD = gnu11;
				GCC_NO_COMMON_BLOCKS = YES;
				GCC_WARN_64_TO_32_BIT_CONVERSION = YES;
				GCC_WARN_ABOUT_RETURN_TYPE = YES_ERROR;
				GCC_WARN_UNDECLARED_SELECTOR = YES;
				GCC_WARN_UNINITIALIZED_AUTOS = YES_AGGRESSIVE;
				GCC_WARN_UNUSED_FUNCTION = YES;
				GCC_WARN_UNUSED_VARIABLE = YES;
				IPHONEOS_DEPLOYMENT_TARGET = 15.2;
				MTL_ENABLE_DEBUG_INFO = NO;
				MTL_FAST_MATH = YES;
				SDKROOT = iphoneos;
				SWIFT_COMPILATION_MODE = wholemodule;
				SWIFT_OPTIMIZATION_LEVEL = "-O";
				VALIDATE_PRODUCT = YES;
			};
			name = Release;
		};
		0238B2D027745C15006BF19A /* Debug */ = {
			isa = XCBuildConfiguration;
			baseConfigurationReference = 1A37D4FDF907553A3A204091 /* Pods-Flash Chat.debug.xcconfig */;
			buildSettings = {
				ASSETCATALOG_COMPILER_APPICON_NAME = AppIcon;
				ASSETCATALOG_COMPILER_GLOBAL_ACCENT_COLOR_NAME = AccentColor;
				CODE_SIGN_STYLE = Automatic;
				CURRENT_PROJECT_VERSION = 1;
				GENERATE_INFOPLIST_FILE = YES;
				INFOPLIST_FILE = "Flash Chat/Info.plist";
				INFOPLIST_KEY_UIApplicationSupportsIndirectInputEvents = YES;
				INFOPLIST_KEY_UILaunchStoryboardName = LaunchScreen;
				INFOPLIST_KEY_UIMainStoryboardFile = Main;
				INFOPLIST_KEY_UISupportedInterfaceOrientations_iPad = "UIInterfaceOrientationPortrait UIInterfaceOrientationPortraitUpsideDown UIInterfaceOrientationLandscapeLeft UIInterfaceOrientationLandscapeRight";
				INFOPLIST_KEY_UISupportedInterfaceOrientations_iPhone = "UIInterfaceOrientationPortrait UIInterfaceOrientationLandscapeLeft UIInterfaceOrientationLandscapeRight";
				LD_RUNPATH_SEARCH_PATHS = (
					"$(inherited)",
					"@executable_path/Frameworks",
				);
				MARKETING_VERSION = 1.0;
				PRODUCT_BUNDLE_IDENTIFIER = "com.Sol.Flash-Chat";
				PRODUCT_NAME = "$(TARGET_NAME)";
				SWIFT_EMIT_LOC_STRINGS = YES;
				SWIFT_VERSION = 5.0;
				TARGETED_DEVICE_FAMILY = "1,2";
			};
			name = Debug;
		};
		0238B2D127745C15006BF19A /* Release */ = {
			isa = XCBuildConfiguration;
			baseConfigurationReference = 854F78AF59F5EDAE2018B97E /* Pods-Flash Chat.release.xcconfig */;
			buildSettings = {
				ASSETCATALOG_COMPILER_APPICON_NAME = AppIcon;
				ASSETCATALOG_COMPILER_GLOBAL_ACCENT_COLOR_NAME = AccentColor;
				CODE_SIGN_STYLE = Automatic;
				CURRENT_PROJECT_VERSION = 1;
				GENERATE_INFOPLIST_FILE = YES;
				INFOPLIST_FILE = "Flash Chat/Info.plist";
				INFOPLIST_KEY_UIApplicationSupportsIndirectInputEvents = YES;
				INFOPLIST_KEY_UILaunchStoryboardName = LaunchScreen;
				INFOPLIST_KEY_UIMainStoryboardFile = Main;
				INFOPLIST_KEY_UISupportedInterfaceOrientations_iPad = "UIInterfaceOrientationPortrait UIInterfaceOrientationPortraitUpsideDown UIInterfaceOrientationLandscapeLeft UIInterfaceOrientationLandscapeRight";
				INFOPLIST_KEY_UISupportedInterfaceOrientations_iPhone = "UIInterfaceOrientationPortrait UIInterfaceOrientationLandscapeLeft UIInterfaceOrientationLandscapeRight";
				LD_RUNPATH_SEARCH_PATHS = (
					"$(inherited)",
					"@executable_path/Frameworks",
				);
				MARKETING_VERSION = 1.0;
				PRODUCT_BUNDLE_IDENTIFIER = "com.Sol.Flash-Chat";
				PRODUCT_NAME = "$(TARGET_NAME)";
				SWIFT_EMIT_LOC_STRINGS = YES;
				SWIFT_VERSION = 5.0;
				TARGETED_DEVICE_FAMILY = "1,2";
			};
			name = Release;
		};
/* End XCBuildConfiguration section */

/* Begin XCConfigurationList section */
		0238B2B627745C14006BF19A /* Build configuration list for PBXProject "Flash Chat" */ = {
			isa = XCConfigurationList;
			buildConfigurations = (
				0238B2CD27745C15006BF19A /* Debug */,
				0238B2CE27745C15006BF19A /* Release */,
			);
			defaultConfigurationIsVisible = 0;
			defaultConfigurationName = Release;
		};
		0238B2CF27745C15006BF19A /* Build configuration list for PBXNativeTarget "Flash Chat" */ = {
			isa = XCConfigurationList;
			buildConfigurations = (
				0238B2D027745C15006BF19A /* Debug */,
				0238B2D127745C15006BF19A /* Release */,
			);
			defaultConfigurationIsVisible = 0;
			defaultConfigurationName = Release;
		};
/* End XCConfigurationList section */
	};
	rootObject = 0238B2B327745C14006BF19A /* Project object */;
}
