// !$*UTF8*$!
{
	archiveVersion = 1;
	classes = {
	};
	objectVersion = 55;
	objects = {

/* Begin PBXBuildFile section */
		02B2F99627703B1900EA869C /* AppDelegate.swift in Sources */ = {isa = PBXBuildFile; fileRef = 02B2F99527703B1900EA869C /* AppDelegate.swift */; };
		02B2F99827703B1900EA869C /* SceneDelegate.swift in Sources */ = {isa = PBXBuildFile; fileRef = 02B2F99727703B1900EA869C /* SceneDelegate.swift */; };
		02B2F99A27703B1900EA869C /* CalculateViewController.swift in Sources */ = {isa = PBXBuildFile; fileRef = 02B2F99927703B1900EA869C /* CalculateViewController.swift */; };
		02B2F99D27703B1900EA869C /* Main.storyboard in Resources */ = {isa = PBXBuildFile; fileRef = 02B2F99B27703B1900EA869C /* Main.storyboard */; };
		02B2F99F27703B1A00EA869C /* Assets.xcassets in Resources */ = {isa = PBXBuildFile; fileRef = 02B2F99E27703B1A00EA869C /* Assets.xcassets */; };
		02B2F9A227703B1A00EA869C /* LaunchScreen.storyboard in Resources */ = {isa = PBXBuildFile; fileRef = 02B2F9A027703B1A00EA869C /* LaunchScreen.storyboard */; };
		02B2F9AE2770694200EA869C /* ResultViewController.swift in Sources */ = {isa = PBXBuildFile; fileRef = 02B2F9AD2770694200EA869C /* ResultViewController.swift */; };
		02B2F9B02770762000EA869C /* CalculateBrain.swift in Sources */ = {isa = PBXBuildFile; fileRef = 02B2F9AF2770762000EA869C /* CalculateBrain.swift */; };
		02B2F9B327707D2A00EA869C /* BMI.swift in Sources */ = {isa = PBXBuildFile; fileRef = 02B2F9B227707D2A00EA869C /* BMI.swift */; };
/* End PBXBuildFile section */

/* Begin PBXFileReference section */
		02B2F99227703B1900EA869C /* BMI Calculator.app */ = {isa = PBXFileReference; explicitFileType = wrapper.application; includeInIndex = 0; path = "BMI Calculator.app"; sourceTree = BUILT_PRODUCTS_DIR; };
		02B2F99527703B1900EA869C /* AppDelegate.swift */ = {isa = PBXFileReference; lastKnownFileType = sourcecode.swift; path = AppDelegate.swift; sourceTree = "<group>"; };
		02B2F99727703B1900EA869C /* SceneDelegate.swift */ = {isa = PBXFileReference; lastKnownFileType = sourcecode.swift; path = SceneDelegate.swift; sourceTree = "<group>"; };
		02B2F99927703B1900EA869C /* CalculateViewController.swift */ = {isa = PBXFileReference; lastKnownFileType = sourcecode.swift; path = CalculateViewController.swift; sourceTree = "<group>"; };
		02B2F99C27703B1900EA869C /* Base */ = {isa = PBXFileReference; lastKnownFileType = file.storyboard; name = Base; path = Base.lproj/Main.storyboard; sourceTree = "<group>"; };
		02B2F99E27703B1A00EA869C /* Assets.xcassets */ = {isa = PBXFileReference; lastKnownFileType = folder.assetcatalog; path = Assets.xcassets; sourceTree = "<group>"; };
		02B2F9A127703B1A00EA869C /* Base */ = {isa = PBXFileReference; lastKnownFileType = file.storyboard; name = Base; path = Base.lproj/LaunchScreen.storyboard; sourceTree = "<group>"; };
		02B2F9A327703B1A00EA869C /* Info.plist */ = {isa = PBXFileReference; lastKnownFileType = text.plist.xml; path = Info.plist; sourceTree = "<group>"; };
		02B2F9AD2770694200EA869C /* ResultViewController.swift */ = {isa = PBXFileReference; lastKnownFileType = sourcecode.swift; path = ResultViewController.swift; sourceTree = "<group>"; };
		02B2F9AF2770762000EA869C /* CalculateBrain.swift */ = {isa = PBXFileReference; lastKnownFileType = sourcecode.swift; path = CalculateBrain.swift; sourceTree = "<group>"; };
		02B2F9B227707D2A00EA869C /* BMI.swift */ = {isa = PBXFileReference; lastKnownFileType = sourcecode.swift; path = BMI.swift; sourceTree = "<group>"; };
/* End PBXFileReference section */

/* Begin PBXFrameworksBuildPhase section */
		02B2F98F27703B1900EA869C /* Frameworks */ = {
			isa = PBXFrameworksBuildPhase;
			buildActionMask = 2147483647;
			files = (
			);
			runOnlyForDeploymentPostprocessing = 0;
		};
/* End PBXFrameworksBuildPhase section */

/* Begin PBXGroup section */
		02B2F98927703B1900EA869C = {
			isa = PBXGroup;
			children = (
				02B2F99427703B1900EA869C /* BMI Calculator */,
				02B2F99327703B1900EA869C /* Products */,
			);
			sourceTree = "<group>";
		};
		02B2F99327703B1900EA869C /* Products */ = {
			isa = PBXGroup;
			children = (
				02B2F99227703B1900EA869C /* BMI Calculator.app */,
			);
			name = Products;
			sourceTree = "<group>";
		};
		02B2F99427703B1900EA869C /* BMI Calculator */ = {
			isa = PBXGroup;
			children = (
				02B2F99527703B1900EA869C /* AppDelegate.swift */,
				02B2F99727703B1900EA869C /* SceneDelegate.swift */,
				02B2F9B12770762600EA869C /* Model */,
				02B2F9A927703BFA00EA869C /* View */,
				02B2F9AA27703C0400EA869C /* Controller */,
				02B2F99E27703B1A00EA869C /* Assets.xcassets */,
				02B2F9A027703B1A00EA869C /* LaunchScreen.storyboard */,
				02B2F9A327703B1A00EA869C /* Info.plist */,
			);
			path = "BMI Calculator";
			sourceTree = "<group>";
		};
		02B2F9A927703BFA00EA869C /* View */ = {
			isa = PBXGroup;
			children = (
				02B2F99B27703B1900EA869C /* Main.storyboard */,
			);
			path = View;
			sourceTree = "<group>";
		};
		02B2F9AA27703C0400EA869C /* Controller */ = {
			isa = PBXGroup;
			children = (
				02B2F99927703B1900EA869C /* CalculateViewController.swift */,
				02B2F9AD2770694200EA869C /* ResultViewController.swift */,
			);
			path = Controller;
			sourceTree = "<group>";
		};
		02B2F9B12770762600EA869C /* Model */ = {
			isa = PBXGroup;
			children = (
				02B2F9AF2770762000EA869C /* CalculateBrain.swift */,
				02B2F9B227707D2A00EA869C /* BMI.swift */,
			);
			path = Model;
			sourceTree = "<group>";
		};
/* End PBXGroup section */

/* Begin PBXNativeTarget section */
		02B2F99127703B1900EA869C /* BMI Calculator */ = {
			isa = PBXNativeTarget;
			buildConfigurationList = 02B2F9A627703B1A00EA869C /* Build configuration list for PBXNativeTarget "BMI Calculator" */;
			buildPhases = (
				02B2F98E27703B1900EA869C /* Sources */,
				02B2F98F27703B1900EA869C /* Frameworks */,
				02B2F99027703B1900EA869C /* Resources */,
			);
			buildRules = (
			);
			dependencies = (
			);
			name = "BMI Calculator";
			productName = "BMI Calculator";
			productReference = 02B2F99227703B1900EA869C /* BMI Calculator.app */;
			productType = "com.apple.product-type.application";
		};
/* End PBXNativeTarget section */

/* Begin PBXProject section */
		02B2F98A27703B1900EA869C /* Project object */ = {
			isa = PBXProject;
			attributes = {
				BuildIndependentTargetsInParallel = 1;
				LastSwiftUpdateCheck = 1320;
				LastUpgradeCheck = 1320;
				TargetAttributes = {
					02B2F99127703B1900EA869C = {
						CreatedOnToolsVersion = 13.2;
					};
				};
			};
			buildConfigurationList = 02B2F98D27703B1900EA869C /* Build configuration list for PBXProject "BMI Calculator" */;
			compatibilityVersion = "Xcode 13.0";
			developmentRegion = en;
			hasScannedForEncodings = 0;
			knownRegions = (
				en,
				Base,
			);
			mainGroup = 02B2F98927703B1900EA869C;
			productRefGroup = 02B2F99327703B1900EA869C /* Products */;
			projectDirPath = "";
			projectRoot = "";
			targets = (
				02B2F99127703B1900EA869C /* BMI Calculator */,
			);
		};
/* End PBXProject section */

/* Begin PBXResourcesBuildPhase section */
		02B2F99027703B1900EA869C /* Resources */ = {
			isa = PBXResourcesBuildPhase;
			buildActionMask = 2147483647;
			files = (
				02B2F9A227703B1A00EA869C /* LaunchScreen.storyboard in Resources */,
				02B2F99F27703B1A00EA869C /* Assets.xcassets in Resources */,
				02B2F99D27703B1900EA869C /* Main.storyboard in Resources */,
			);
			runOnlyForDeploymentPostprocessing = 0;
		};
/* End PBXResourcesBuildPhase section */

/* Begin PBXSourcesBuildPhase section */
		02B2F98E27703B1900EA869C /* Sources */ = {
			isa = PBXSourcesBuildPhase;
			buildActionMask = 2147483647;
			files = (
				02B2F99A27703B1900EA869C /* CalculateViewController.swift in Sources */,
				02B2F99627703B1900EA869C /* AppDelegate.swift in Sources */,
				02B2F99827703B1900EA869C /* SceneDelegate.swift in Sources */,
				02B2F9AE2770694200EA869C /* ResultViewController.swift in Sources */,
				02B2F9B327707D2A00EA869C /* BMI.swift in Sources */,
				02B2F9B02770762000EA869C /* CalculateBrain.swift in Sources */,
			);
			runOnlyForDeploymentPostprocessing = 0;
		};
/* End PBXSourcesBuildPhase section */

/* Begin PBXVariantGroup section */
		02B2F99B27703B1900EA869C /* Main.storyboard */ = {
			isa = PBXVariantGroup;
			children = (
				02B2F99C27703B1900EA869C /* Base */,
			);
			name = Main.storyboard;
			sourceTree = "<group>";
		};
		02B2F9A027703B1A00EA869C /* LaunchScreen.storyboard */ = {
			isa = PBXVariantGroup;
			children = (
				02B2F9A127703B1A00EA869C /* Base */,
			);
			name = LaunchScreen.storyboard;
			sourceTree = "<group>";
		};
/* End PBXVariantGroup section */

/* Begin XCBuildConfiguration section */
		02B2F9A427703B1A00EA869C /* Debug */ = {
			isa = XCBuildConfiguration;
			buildSettings = {
				ALWAYS_SEARCH_USER_PATHS = NO;
				CLANG_ANALYZER_NONNULL = YES;
				CLANG_ANALYZER_NUMBER_OBJECT_CONVERSION = YES_AGGRESSIVE;
				CLANG_CXX_LANGUAGE_STANDARD = "gnu++17";
				CLANG_CXX_LIBRARY = "libc++";
				CLANG_ENABLE_MODULES = YES;
				CLANG_ENABLE_OBJC_ARC = YES;
				CLANG_ENABLE_OBJC_WEAK = YES;
				CLANG_WARN_BLOCK_CAPTURE_AUTORELEASING = YES;
				CLANG_WARN_BOOL_CONVERSION = YES;
				CLANG_WARN_COMMA = YES;
				CLANG_WARN_CONSTANT_CONVERSION = YES;
				CLANG_WARN_DEPRECATED_OBJC_IMPLEMENTATIONS = YES;
				CLANG_WARN_DIRECT_OBJC_ISA_USAGE = YES_ERROR;
				CLANG_WARN_DOCUMENTATION_COMMENTS = YES;
				CLANG_WARN_EMPTY_BODY = YES;
				CLANG_WARN_ENUM_CONVERSION = YES;
				CLANG_WARN_INFINITE_RECURSION = YES;
				CLANG_WARN_INT_CONVERSION = YES;
				CLANG_WARN_NON_LITERAL_NULL_CONVERSION = YES;
				CLANG_WARN_OBJC_IMPLICIT_RETAIN_SELF = YES;
				CLANG_WARN_OBJC_LITERAL_CONVERSION = YES;
				CLANG_WARN_OBJC_ROOT_CLASS = YES_ERROR;
				CLANG_WARN_QUOTED_INCLUDE_IN_FRAMEWORK_HEADER = YES;
				CLANG_WARN_RANGE_LOOP_ANALYSIS = YES;
				CLANG_WARN_STRICT_PROTOTYPES = YES;
				CLANG_WARN_SUSPICIOUS_MOVE = YES;
				CLANG_WARN_UNGUARDED_AVAILABILITY = YES_AGGRESSIVE;
				CLANG_WARN_UNREACHABLE_CODE = YES;
				CLANG_WARN__DUPLICATE_METHOD_MATCH = YES;
				COPY_PHASE_STRIP = NO;
				DEBUG_INFORMATION_FORMAT = dwarf;
				ENABLE_STRICT_OBJC_MSGSEND = YES;
				ENABLE_TESTABILITY = YES;
				GCC_C_LANGUAGE_STANDARD = gnu11;
				GCC_DYNAMIC_NO_PIC = NO;
				GCC_NO_COMMON_BLOCKS = YES;
				GCC_OPTIMIZATION_LEVEL = 0;
				GCC_PREPROCESSOR_DEFINITIONS = (
					"DEBUG=1",
					"$(inherited)",
				);
				GCC_WARN_64_TO_32_BIT_CONVERSION = YES;
				GCC_WARN_ABOUT_RETURN_TYPE = YES_ERROR;
				GCC_WARN_UNDECLARED_SELECTOR = YES;
				GCC_WARN_UNINITIALIZED_AUTOS = YES_AGGRESSIVE;
				GCC_WARN_UNUSED_FUNCTION = YES;
				GCC_WARN_UNUSED_VARIABLE = YES;
				IPHONEOS_DEPLOYMENT_TARGET = 15.2;
				MTL_ENABLE_DEBUG_INFO = INCLUDE_SOURCE;
				MTL_FAST_MATH = YES;
				ONLY_ACTIVE_ARCH = YES;
				SDKROOT = iphoneos;
				SWIFT_ACTIVE_COMPILATION_CONDITIONS = DEBUG;
				SWIFT_OPTIMIZATION_LEVEL = "-Onone";
			};
			name = Debug;
		};
		02B2F9A527703B1A00EA869C /* Release */ = {
			isa = XCBuildConfiguration;
			buildSettings = {
				ALWAYS_SEARCH_USER_PATHS = NO;
				CLANG_ANALYZER_NONNULL = YES;
				CLANG_ANALYZER_NUMBER_OBJECT_CONVERSION = YES_AGGRESSIVE;
				CLANG_CXX_LANGUAGE_STANDARD = "gnu++17";
				CLANG_CXX_LIBRARY = "libc++";
				CLANG_ENABLE_MODULES = YES;
				CLANG_ENABLE_OBJC_ARC = YES;
				CLANG_ENABLE_OBJC_WEAK = YES;
				CLANG_WARN_BLOCK_CAPTURE_AUTORELEASING = YES;
				CLANG_WARN_BOOL_CONVERSION = YES;
				CLANG_WARN_COMMA = YES;
				CLANG_WARN_CONSTANT_CONVERSION = YES;
				CLANG_WARN_DEPRECATED_OBJC_IMPLEMENTATIONS = YES;
				CLANG_WARN_DIRECT_OBJC_ISA_USAGE = YES_ERROR;
				CLANG_WARN_DOCUMENTATION_COMMENTS = YES;
				CLANG_WARN_EMPTY_BODY = YES;
				CLANG_WARN_ENUM_CONVERSION = YES;
				CLANG_WARN_INFINITE_RECURSION = YES;
				CLANG_WARN_INT_CONVERSION = YES;
				CLANG_WARN_NON_LITERAL_NULL_CONVERSION = YES;
				CLANG_WARN_OBJC_IMPLICIT_RETAIN_SELF = YES;
				CLANG_WARN_OBJC_LITERAL_CONVERSION = YES;
				CLANG_WARN_OBJC_ROOT_CLASS = YES_ERROR;
				CLANG_WARN_QUOTED_INCLUDE_IN_FRAMEWORK_HEADER = YES;
				CLANG_WARN_RANGE_LOOP_ANALYSIS = YES;
				CLANG_WARN_STRICT_PROTOTYPES = YES;
				CLANG_WARN_SUSPICIOUS_MOVE = YES;
				CLANG_WARN_UNGUARDED_AVAILABILITY = YES_AGGRESSIVE;
				CLANG_WARN_UNREACHABLE_CODE = YES;
				CLANG_WARN__DUPLICATE_METHOD_MATCH = YES;
				COPY_PHASE_STRIP = NO;
				DEBUG_INFORMATION_FORMAT = "dwarf-with-dsym";
				ENABLE_NS_ASSERTIONS = NO;
				ENABLE_STRICT_OBJC_MSGSEND = YES;
				GCC_C_LANGUAGE_STANDARD = gnu11;
				GCC_NO_COMMON_BLOCKS = YES;
				GCC_WARN_64_TO_32_BIT_CONVERSION = YES;
				GCC_WARN_ABOUT_RETURN_TYPE = YES_ERROR;
				GCC_WARN_UNDECLARED_SELECTOR = YES;
				GCC_WARN_UNINITIALIZED_AUTOS = YES_AGGRESSIVE;
				GCC_WARN_UNUSED_FUNCTION = YES;
				GCC_WARN_UNUSED_VARIABLE = YES;
				IPHONEOS_DEPLOYMENT_TARGET = 15.2;
				MTL_ENABLE_DEBUG_INFO = NO;
				MTL_FAST_MATH = YES;
				SDKROOT = iphoneos;
				SWIFT_COMPILATION_MODE = wholemodule;
				SWIFT_OPTIMIZATION_LEVEL = "-O";
				VALIDATE_PRODUCT = YES;
			};
			name = Release;
		};
		02B2F9A727703B1A00EA869C /* Debug */ = {
			isa = XCBuildConfiguration;
			buildSettings = {
				ASSETCATALOG_COMPILER_APPICON_NAME = AppIcon;
				ASSETCATALOG_COMPILER_GLOBAL_ACCENT_COLOR_NAME = AccentColor;
				CODE_SIGN_STYLE = Automatic;
				CURRENT_PROJECT_VERSION = 1;
				GENERATE_INFOPLIST_FILE = YES;
				INFOPLIST_FILE = "BMI Calculator/Info.plist";
				INFOPLIST_KEY_UIApplicationSupportsIndirectInputEvents = YES;
				INFOPLIST_KEY_UILaunchStoryboardName = LaunchScreen;
				INFOPLIST_KEY_UIMainStoryboardFile = Main;
				INFOPLIST_KEY_UISupportedInterfaceOrientations_iPad = "UIInterfaceOrientationPortrait UIInterfaceOrientationPortraitUpsideDown UIInterfaceOrientationLandscapeLeft UIInterfaceOrientationLandscapeRight";
				INFOPLIST_KEY_UISupportedInterfaceOrientations_iPhone = "UIInterfaceOrientationPortrait UIInterfaceOrientationLandscapeLeft UIInterfaceOrientationLandscapeRight";
				LD_RUNPATH_SEARCH_PATHS = (
					"$(inherited)",
					"@executable_path/Frameworks",
				);
				MARKETING_VERSION = 1.0;
				PRODUCT_BUNDLE_IDENTIFIER = "com.Sol.BMI-Calculator";
				PRODUCT_NAME = "$(TARGET_NAME)";
				SWIFT_EMIT_LOC_STRINGS = YES;
				SWIFT_VERSION = 5.0;
				TARGETED_DEVICE_FAMILY = "1,2";
			};
			name = Debug;
		};
		02B2F9A827703B1A00EA869C /* Release */ = {
			isa = XCBuildConfiguration;
			buildSettings = {
				ASSETCATALOG_COMPILER_APPICON_NAME = AppIcon;
				ASSETCATALOG_COMPILER_GLOBAL_ACCENT_COLOR_NAME = AccentColor;
				CODE_SIGN_STYLE = Automatic;
				CURRENT_PROJECT_VERSION = 1;
				GENERATE_INFOPLIST_FILE = YES;
				INFOPLIST_FILE = "BMI Calculator/Info.plist";
				INFOPLIST_KEY_UIApplicationSupportsIndirectInputEvents = YES;
				INFOPLIST_KEY_UILaunchStoryboardName = LaunchScreen;
				INFOPLIST_KEY_UIMainStoryboardFile = Main;
				INFOPLIST_KEY_UISupportedInterfaceOrientations_iPad = "UIInterfaceOrientationPortrait UIInterfaceOrientationPortraitUpsideDown UIInterfaceOrientationLandscapeLeft UIInterfaceOrientationLandscapeRight";
				INFOPLIST_KEY_UISupportedInterfaceOrientations_iPhone = "UIInterfaceOrientationPortrait UIInterfaceOrientationLandscapeLeft UIInterfaceOrientationLandscapeRight";
				LD_RUNPATH_SEARCH_PATHS = (
					"$(inherited)",
					"@executable_path/Frameworks",
				);
				MARKETING_VERSION = 1.0;
				PRODUCT_BUNDLE_IDENTIFIER = "com.Sol.BMI-Calculator";
				PRODUCT_NAME = "$(TARGET_NAME)";
				SWIFT_EMIT_LOC_STRINGS = YES;
				SWIFT_VERSION = 5.0;
				TARGETED_DEVICE_FAMILY = "1,2";
			};
			name = Release;
		};
/* End XCBuildConfiguration section */

/* Begin XCConfigurationList section */
		02B2F98D27703B1900EA869C /* Build configuration list for PBXProject "BMI Calculator" */ = {
			isa = XCConfigurationList;
			buildConfigurations = (
				02B2F9A427703B1A00EA869C /* Debug */,
				02B2F9A527703B1A00EA869C /* Release */,
			);
			defaultConfigurationIsVisible = 0;
			defaultConfigurationName = Release;
		};
		02B2F9A627703B1A00EA869C /* Build configuration list for PBXNativeTarget "BMI Calculator" */ = {
			isa = XCConfigurationList;
			buildConfigurations = (
				02B2F9A727703B1A00EA869C /* Debug */,
				02B2F9A827703B1A00EA869C /* Release */,
			);
			defaultConfigurationIsVisible = 0;
			defaultConfigurationName = Release;
		};
/* End XCConfigurationList section */
	};
	rootObject = 02B2F98A27703B1900EA869C /* Project object */;
}
